
Microsoft Visual Studio Solution File, Format Version 12.00
# Visual Studio Version 16
VisualStudioVersion = 16.0.30523.141
MinimumVisualStudioVersion = 10.0.40219.1
Project("{FAE04EC0-301F-11D3-BF4B-00C04F79EFBC}") = "MVC", "MVC\MVC.csproj", "{9B095928-72D3-4A3C-986A-7486BBF863DF}"
EndProject
Global
	GlobalSection(SolutionConfigurationPlatforms) = preSolution
		Debug|Any CPU = Debug|Any CPU
		Release|Any CPU = Release|Any CPU
	EndGlobalSection
	GlobalSection(ProjectConfigurationPlatforms) = postSolution
		{9B095928-72D3-4A3C-986A-7486BBF863DF}.Debug|Any CPU.ActiveCfg = Debug|Any CPU
		{9B095928-72D3-4A3C-986A-7486BBF863DF}.Debug|Any CPU.Build.0 = Debug|Any CPU
		{9B095928-72D3-4A3C-986A-7486BBF863DF}.Release|Any CPU.ActiveCfg = Release|Any CPU
		{9B095928-72D3-4A3C-986A-7486BBF863DF}.Release|Any CPU.Build.0 = Release|Any CPU
	EndGlobalSection
	GlobalSection(SolutionProperties) = preSolution
		HideSolutionNode = FALSE
	EndGlobalSection
	GlobalSection(ExtensibilityGlobals) = postSolution
		SolutionGuid = {4606257B-DF0E-47B5-B761-5BD75ADE5971}
	EndGlobalSection
EndGlobal
